
Microsoft Visual Studio Solution File, Format Version 12.00
# Visual Studio Version 16
VisualStudioVersion = 16.0.30114.105
MinimumVisualStudioVersion = 10.0.40219.1
Project("{FAE04EC0-301F-11D3-BF4B-00C04F79EFBC}") = "GameStore.DAL", "GameStore.DAL\GameStore.DAL.csproj", "{B16C7CF8-7FDB-42C0-9D0F-4D1D0A384E57}"
EndProject
Project("{FAE04EC0-301F-11D3-BF4B-00C04F79EFBC}") = "GameStore.BLL", "GameStore.DLL\GameStore.BLL.csproj", "{81B8D028-B7EA-414C-B37D-09B86D638ECC}"
EndProject
Project("{FAE04EC0-301F-11D3-BF4B-00C04F79EFBC}") = "GameStore.Client", "GameStore.Client\GameStore.Client.csproj", "{A87A76C5-284F-4C01-AEBB-173D5703875C}"
EndProject
Global
	GlobalSection(SolutionConfigurationPlatforms) = preSolution
		Debug|Any CPU = Debug|Any CPU
		Release|Any CPU = Release|Any CPU
	EndGlobalSection
	GlobalSection(ProjectConfigurationPlatforms) = postSolution
		{B16C7CF8-7FDB-42C0-9D0F-4D1D0A384E57}.Debug|Any CPU.ActiveCfg = Debug|Any CPU
		{B16C7CF8-7FDB-42C0-9D0F-4D1D0A384E57}.Debug|Any CPU.Build.0 = Debug|Any CPU
		{B16C7CF8-7FDB-42C0-9D0F-4D1D0A384E57}.Release|Any CPU.ActiveCfg = Release|Any CPU
		{B16C7CF8-7FDB-42C0-9D0F-4D1D0A384E57}.Release|Any CPU.Build.0 = Release|Any CPU
		{81B8D028-B7EA-414C-B37D-09B86D638ECC}.Debug|Any CPU.ActiveCfg = Debug|Any CPU
		{81B8D028-B7EA-414C-B37D-09B86D638ECC}.Debug|Any CPU.Build.0 = Debug|Any CPU
		{81B8D028-B7EA-414C-B37D-09B86D638ECC}.Release|Any CPU.ActiveCfg = Release|Any CPU
		{81B8D028-B7EA-414C-B37D-09B86D638ECC}.Release|Any CPU.Build.0 = Release|Any CPU
		{A87A76C5-284F-4C01-AEBB-173D5703875C}.Debug|Any CPU.ActiveCfg = Debug|Any CPU
		{A87A76C5-284F-4C01-AEBB-173D5703875C}.Debug|Any CPU.Build.0 = Debug|Any CPU
		{A87A76C5-284F-4C01-AEBB-173D5703875C}.Release|Any CPU.ActiveCfg = Release|Any CPU
		{A87A76C5-284F-4C01-AEBB-173D5703875C}.Release|Any CPU.Build.0 = Release|Any CPU
	EndGlobalSection
	GlobalSection(SolutionProperties) = preSolution
		HideSolutionNode = FALSE
	EndGlobalSection
	GlobalSection(ExtensibilityGlobals) = postSolution
		SolutionGuid = {B20376DB-D1C3-4C8A-92B0-7872E8C70C3F}
	EndGlobalSection
EndGlobal
